
Microsoft Visual Studio Solution File, Format Version 12.00
# Visual Studio Version 17
VisualStudioVersion = 17.7.34024.191
MinimumVisualStudioVersion = 10.0.40219.1
Project("{FAE04EC0-301F-11D3-BF4B-00C04F79EFBC}") = "ReportGeneration", "ReportGeneration\ReportGeneration.csproj", "{29477C72-3165-4AF4-8E99-E572B14C88C7}"
EndProject
Global
	GlobalSection(SolutionConfigurationPlatforms) = preSolution
		Debug|Any CPU = Debug|Any CPU
		Release|Any CPU = Release|Any CPU
	EndGlobalSection
	GlobalSection(ProjectConfigurationPlatforms) = postSolution
		{29477C72-3165-4AF4-8E99-E572B14C88C7}.Debug|Any CPU.ActiveCfg = Debug|Any CPU
		{29477C72-3165-4AF4-8E99-E572B14C88C7}.Debug|Any CPU.Build.0 = Debug|Any CPU
		{29477C72-3165-4AF4-8E99-E572B14C88C7}.Release|Any CPU.ActiveCfg = Release|Any CPU
		{29477C72-3165-4AF4-8E99-E572B14C88C7}.Release|Any CPU.Build.0 = Release|Any CPU
	EndGlobalSection
	GlobalSection(SolutionProperties) = preSolution
		HideSolutionNode = FALSE
	EndGlobalSection
	GlobalSection(ExtensibilityGlobals) = postSolution
		SolutionGuid = {7B7A288C-9E45-485E-9889-AC9BB05D438A}
	EndGlobalSection
EndGlobal
